<Solution>
  <Project Path="BIMformative.Core/BIMformative.Core.csproj" Id="5bb0a38d-4cae-49d0-bb3f-0429c4b43313" />
  <Project Path="BIMformative.DynamoContext/BIMformative.DynamoContext.csproj" Id="399173dd-e569-47bf-ad85-760d4700ab2f" />
  <Project Path="BIMformative.DynamoExtension.Setup/BIMformative.DynamoExtension.Setup.vdproj" Type="Installer">
    <Build />
  </Project>
  <Project Path="BIMformative.DynamoExtension/BIMformative.DynamoExtension.csproj" />
</Solution>
