<Solution>
  <Project Path="BIMformative.Core/BIMformative.Core.csproj" Id="5bb0a38d-4cae-49d0-bb3f-0429c4b43313" />
  <Project Path="BIMformative.DynamoExtension.Setup/BIMformative.DynamoExtension.Setup.vdproj" Type="Installer">
    <Build />
  </Project>
  <Project Path="BIMformative.DynamoExtension/BIMformative.DynamoExtension.csproj">
    <BuildType Solution="Debug|*" Project="Debug-Revit2025" />
  </Project>
  <Project Path="BIMformative.Infrastructure/BIMformative.Infrastructure.csproj" Id="cedeb9ae-e94a-403c-9c92-8ac9608afae2" />
  <Project Path="BIMformative.TestConsole/BIMformative.TestConsole.csproj" Id="15b6bacf-66ac-44de-99b4-6c63d8542107" />
</Solution>
